{
  "name": "spacecraft",
  "version": "0.1.0",
  "lockfileVersion": 1,
  "requires": true,
  "dependencies": {
    "bs-platform": {
      "version": "7.0.1",
      "dev": true
    },
    "bucklescript-tea": {
      "version": "0.12.1",
      "resolved": "https://registry.npmjs.org/bucklescript-tea/-/bucklescript-tea-0.12.1.tgz",
      "integrity": "sha512-9yUL27sC4GqH7FpakKTNbMzxOIWKnMq+IuJPcKmXnsa0a5KEjrh95f9CAivzdxS9lEmtYITB76tmKBdfGaxXrQ==",
      "dev": true
    }
  }
}
