# THIS IS AN AUTOGENERATED FILE. DO NOT EDIT THIS FILE DIRECTLY.
# yarn lockfile v1


bs-platform@^7.0.1:
  version "7.0.1"
  resolved "https://registry.yarnpkg.com/bs-platform/-/bs-platform-7.0.1.tgz#1d7b0ef6088b998dceee5db74a7cd8f01c20a3bd"
  integrity sha512-UjStdtHhbtC/l6vKJ1XRDqrPk7rFf5PLYHtRX3akDXEYVnTbN36z0g4DEr5mU8S0N945e33HYts9x+i7hKKpZQ==

bucklescript-tea@^0.12.1:
  version "0.12.1"
  resolved "https://registry.yarnpkg.com/bucklescript-tea/-/bucklescript-tea-0.12.1.tgz#88c6eca7d870c2c98dcb5fa0d05ccc7bfe7e04b8"
  integrity sha512-9yUL27sC4GqH7FpakKTNbMzxOIWKnMq+IuJPcKmXnsa0a5KEjrh95f9CAivzdxS9lEmtYITB76tmKBdfGaxXrQ==
